
Microsoft Visual Studio Solution File, Format Version 12.00
# Visual Studio 14
VisualStudioVersion = 14.0.25123.0
MinimumVisualStudioVersion = 10.0.40219.1
Project("{FAE04EC0-301F-11D3-BF4B-00C04F79EFBC}") = "BankAccount.FeatureTests", "BankAccount.FeatureTests\BankAccount.FeatureTests.csproj", "{E28B1BEC-446D-48AE-8CCB-1548E573F4FD}"
EndProject
Project("{FAE04EC0-301F-11D3-BF4B-00C04F79EFBC}") = "BankAccount", "BankAccount\BankAccount.csproj", "{22CE2FB9-3E2B-4565-901F-516DEB94F3C7}"
EndProject
Project("{FAE04EC0-301F-11D3-BF4B-00C04F79EFBC}") = "BankAccount.UnitTests", "BankAccount.UnitTests\BankAccount.UnitTests.csproj", "{04DB71F7-3639-4F9F-B69A-CDB148FCEC6F}"
EndProject
Global
	GlobalSection(SolutionConfigurationPlatforms) = preSolution
		Debug|Any CPU = Debug|Any CPU
		Release|Any CPU = Release|Any CPU
	EndGlobalSection
	GlobalSection(ProjectConfigurationPlatforms) = postSolution
		{E28B1BEC-446D-48AE-8CCB-1548E573F4FD}.Debug|Any CPU.ActiveCfg = Debug|Any CPU
		{E28B1BEC-446D-48AE-8CCB-1548E573F4FD}.Debug|Any CPU.Build.0 = Debug|Any CPU
		{E28B1BEC-446D-48AE-8CCB-1548E573F4FD}.Release|Any CPU.ActiveCfg = Release|Any CPU
		{E28B1BEC-446D-48AE-8CCB-1548E573F4FD}.Release|Any CPU.Build.0 = Release|Any CPU
		{22CE2FB9-3E2B-4565-901F-516DEB94F3C7}.Debug|Any CPU.ActiveCfg = Debug|Any CPU
		{22CE2FB9-3E2B-4565-901F-516DEB94F3C7}.Debug|Any CPU.Build.0 = Debug|Any CPU
		{22CE2FB9-3E2B-4565-901F-516DEB94F3C7}.Release|Any CPU.ActiveCfg = Release|Any CPU
		{22CE2FB9-3E2B-4565-901F-516DEB94F3C7}.Release|Any CPU.Build.0 = Release|Any CPU
		{04DB71F7-3639-4F9F-B69A-CDB148FCEC6F}.Debug|Any CPU.ActiveCfg = Debug|Any CPU
		{04DB71F7-3639-4F9F-B69A-CDB148FCEC6F}.Debug|Any CPU.Build.0 = Debug|Any CPU
		{04DB71F7-3639-4F9F-B69A-CDB148FCEC6F}.Release|Any CPU.ActiveCfg = Release|Any CPU
		{04DB71F7-3639-4F9F-B69A-CDB148FCEC6F}.Release|Any CPU.Build.0 = Release|Any CPU
	EndGlobalSection
	GlobalSection(SolutionProperties) = preSolution
		HideSolutionNode = FALSE
	EndGlobalSection
EndGlobal
