
Microsoft Visual Studio Solution File, Format Version 12.00
# Visual Studio 14
VisualStudioVersion = 14.0.24720.0
MinimumVisualStudioVersion = 10.0.40219.1
Project("{FAE04EC0-301F-11D3-BF4B-00C04F79EFBC}") = "BankAccount", "BankAccount\BankAccount.csproj", "{F8709658-FCAB-4748-BFD4-EA763AABF695}"
EndProject
Project("{FAE04EC0-301F-11D3-BF4B-00C04F79EFBC}") = "BankAccountTests", "BankAccountTests\BankAccountTests.csproj", "{38B1C6C0-5038-4471-8721-46A96E0C67BF}"
EndProject
Global
	GlobalSection(SolutionConfigurationPlatforms) = preSolution
		Debug|Any CPU = Debug|Any CPU
		Release|Any CPU = Release|Any CPU
	EndGlobalSection
	GlobalSection(ProjectConfigurationPlatforms) = postSolution
		{F8709658-FCAB-4748-BFD4-EA763AABF695}.Debug|Any CPU.ActiveCfg = Debug|Any CPU
		{F8709658-FCAB-4748-BFD4-EA763AABF695}.Debug|Any CPU.Build.0 = Debug|Any CPU
		{F8709658-FCAB-4748-BFD4-EA763AABF695}.Release|Any CPU.ActiveCfg = Release|Any CPU
		{F8709658-FCAB-4748-BFD4-EA763AABF695}.Release|Any CPU.Build.0 = Release|Any CPU
		{38B1C6C0-5038-4471-8721-46A96E0C67BF}.Debug|Any CPU.ActiveCfg = Debug|Any CPU
		{38B1C6C0-5038-4471-8721-46A96E0C67BF}.Debug|Any CPU.Build.0 = Debug|Any CPU
		{38B1C6C0-5038-4471-8721-46A96E0C67BF}.Release|Any CPU.ActiveCfg = Release|Any CPU
		{38B1C6C0-5038-4471-8721-46A96E0C67BF}.Release|Any CPU.Build.0 = Release|Any CPU
	EndGlobalSection
	GlobalSection(SolutionProperties) = preSolution
		HideSolutionNode = FALSE
	EndGlobalSection
EndGlobal
